
Microsoft Visual Studio Solution File, Format Version 12.00
# Visual Studio 15
VisualStudioVersion = 15.0.28307.1585
MinimumVisualStudioVersion = 10.0.40219.1
Project("{8BC9CEB8-8B4A-11D0-8D11-00A0C91BC942}") = "DX3D9", "DX3D9\DX3D9.vcxproj", "{E5D7FA34-51B6-4C14-8EEF-CE71DBB92F80}"
EndProject
Global
	GlobalSection(SolutionConfigurationPlatforms) = preSolution
		Debug|x64 = Debug|x64
		Debug|x86 = Debug|x86
		Release|x64 = Release|x64
		Release|x86 = Release|x86
	EndGlobalSection
	GlobalSection(ProjectConfigurationPlatforms) = postSolution
		{E5D7FA34-51B6-4C14-8EEF-CE71DBB92F80}.Debug|x64.ActiveCfg = Debug|x64
		{E5D7FA34-51B6-4C14-8EEF-CE71DBB92F80}.Debug|x64.Build.0 = Debug|x64
		{E5D7FA34-51B6-4C14-8EEF-CE71DBB92F80}.Debug|x86.ActiveCfg = Debug|Win32
		{E5D7FA34-51B6-4C14-8EEF-CE71DBB92F80}.Debug|x86.Build.0 = Debug|Win32
		{E5D7FA34-51B6-4C14-8EEF-CE71DBB92F80}.Release|x64.ActiveCfg = Release|x64
		{E5D7FA34-51B6-4C14-8EEF-CE71DBB92F80}.Release|x64.Build.0 = Release|x64
		{E5D7FA34-51B6-4C14-8EEF-CE71DBB92F80}.Release|x86.ActiveCfg = Release|Win32
		{E5D7FA34-51B6-4C14-8EEF-CE71DBB92F80}.Release|x86.Build.0 = Release|Win32
	EndGlobalSection
	GlobalSection(SolutionProperties) = preSolution
		HideSolutionNode = FALSE
	EndGlobalSection
	GlobalSection(ExtensibilityGlobals) = postSolution
		SolutionGuid = {4F2989D6-EA23-4ED3-8EE3-4B76B49B6EA8}
	EndGlobalSection
EndGlobal
