
Microsoft Visual Studio Solution File, Format Version 12.00
# Visual Studio 15
VisualStudioVersion = 15.0.28307.1585
MinimumVisualStudioVersion = 10.0.40219.1
Project("{8BC9CEB8-8B4A-11D0-8D11-00A0C91BC942}") = "DX11", "DX11\DX11.vcxproj", "{11BFBE09-AC42-4353-BB31-488BE82F1913}"
EndProject
Global
	GlobalSection(SolutionConfigurationPlatforms) = preSolution
		Debug|x64 = Debug|x64
		Debug|x86 = Debug|x86
		Release|x64 = Release|x64
		Release|x86 = Release|x86
	EndGlobalSection
	GlobalSection(ProjectConfigurationPlatforms) = postSolution
		{11BFBE09-AC42-4353-BB31-488BE82F1913}.Debug|x64.ActiveCfg = Debug|x64
		{11BFBE09-AC42-4353-BB31-488BE82F1913}.Debug|x64.Build.0 = Debug|x64
		{11BFBE09-AC42-4353-BB31-488BE82F1913}.Debug|x86.ActiveCfg = Debug|Win32
		{11BFBE09-AC42-4353-BB31-488BE82F1913}.Debug|x86.Build.0 = Debug|Win32
		{11BFBE09-AC42-4353-BB31-488BE82F1913}.Release|x64.ActiveCfg = Release|x64
		{11BFBE09-AC42-4353-BB31-488BE82F1913}.Release|x64.Build.0 = Release|x64
		{11BFBE09-AC42-4353-BB31-488BE82F1913}.Release|x86.ActiveCfg = Release|Win32
		{11BFBE09-AC42-4353-BB31-488BE82F1913}.Release|x86.Build.0 = Release|Win32
	EndGlobalSection
	GlobalSection(SolutionProperties) = preSolution
		HideSolutionNode = FALSE
	EndGlobalSection
	GlobalSection(ExtensibilityGlobals) = postSolution
		SolutionGuid = {416FDA79-09CC-4DDE-8074-2E6297CD59AF}
	EndGlobalSection
EndGlobal
