<?xml version="1.0" encoding="utf-8"?>
<Project ToolsVersion="4.0" xmlns="http://schemas.microsoft.com/developer/msbuild/2003">
  <ItemGroup>
    <Filter Include="Source Files">
      <UniqueIdentifier>{4FC737F1-C7A5-4376-A066-2A32D752A2FF}</UniqueIdentifier>
      <Extensions>cpp;c;cc;cxx;def;odl;idl;hpj;bat;asm;asmx</Extensions>
    </Filter>
    <Filter Include="Header Files">
      <UniqueIdentifier>{93995380-89BD-4b04-88EB-625FBE52EBFB}</UniqueIdentifier>
      <Extensions>h;hh;hpp;hxx;hm;inl;inc;ipp;xsd</Extensions>
    </Filter>
    <Filter Include="Assimp">
      <UniqueIdentifier>{b35cc903-e3c8-408c-a0f9-7722e453a274}</UniqueIdentifier>
    </Filter>
  </ItemGroup>
  <ItemGroup>
    <ClInclude Include="stdafx.h">
      <Filter>Header Files</Filter>
    </ClInclude>
    <ClInclude Include="Framework.h">
      <Filter>Header Files</Filter>
    </ClInclude>
    <ClInclude Include="Main.h">
      <Filter>Source Files</Filter>
    </ClInclude>
    <ClInclude Include="Export.h">
      <Filter>Source Files</Filter>
    </ClInclude>
    <ClInclude Include="Assimp\Loader.h">
      <Filter>Assimp</Filter>
    </ClInclude>
    <ClInclude Include="Assimp\Type.h">
      <Filter>Assimp</Filter>
    </ClInclude>
    <ClInclude Include="RenderModel.h">
      <Filter>Source Files</Filter>
    </ClInclude>
  </ItemGroup>
  <ItemGroup>
    <ClCompile Include="Export.cpp">
      <Filter>Source Files</Filter>
    </ClCompile>
    <ClCompile Include="Assimp\Loader.cpp">
      <Filter>Assimp</Filter>
    </ClCompile>
    <ClCompile Include="Main.cpp">
      <Filter>Source Files</Filter>
    </ClCompile>
    <ClCompile Include="RenderModel.cpp">
      <Filter>Source Files</Filter>
    </ClCompile>
  </ItemGroup>
</Project>